
Microsoft Visual Studio Solution File, Format Version 12.00
# Visual Studio 2013
VisualStudioVersion = 12.0.31101.0
MinimumVisualStudioVersion = 10.0.40219.1
Project("{FAE04EC0-301F-11D3-BF4B-00C04F79EFBC}") = "DI01", "DI01\DI01.csproj", "{DC867F9F-6FC4-4BAC-9AB8-5B34B21EF938}"
EndProject
Project("{FAE04EC0-301F-11D3-BF4B-00C04F79EFBC}") = "DI02", "DI02\DI02.csproj", "{CE6DC08D-36A2-46F2-8153-FA2557EACE60}"
EndProject
Project("{FAE04EC0-301F-11D3-BF4B-00C04F79EFBC}") = "DI03", "DI03\DI03\DI03.csproj", "{502171AA-0697-4B8A-A095-8F6286E93062}"
EndProject
Project("{FAE04EC0-301F-11D3-BF4B-00C04F79EFBC}") = "DI03.Services", "DI03\DI03.Services\DI03.Services.csproj", "{FC707C24-00AB-4C03-9B1A-AD0D5B42001E}"
EndProject
Project("{FAE04EC0-301F-11D3-BF4B-00C04F79EFBC}") = "DI04", "DI04\DI04\DI04.csproj", "{8F3C4BB5-0BC3-43E1-948B-509DD2487B0A}"
EndProject
Project("{FAE04EC0-301F-11D3-BF4B-00C04F79EFBC}") = "DI04.Services", "DI04\DI04.Services\DI04.Services.csproj", "{61C7C5AB-D3B9-4E0E-A361-444C36FF4CA3}"
EndProject
Project("{FAE04EC0-301F-11D3-BF4B-00C04F79EFBC}") = "DI05", "DI05\DI05\DI05.csproj", "{C8F4498E-69A9-4CA6-9404-E5C75F1DD622}"
EndProject
Project("{FAE04EC0-301F-11D3-BF4B-00C04F79EFBC}") = "DI05.Services", "DI05\DI05.Services\DI05.Services.csproj", "{538A3C07-C066-44AE-B294-D78F8E6D7594}"
EndProject
Project("{FAE04EC0-301F-11D3-BF4B-00C04F79EFBC}") = "DI06", "DI06\DI06\DI06.csproj", "{3FF1CEBF-E061-4ADC-B7D7-6701821AAC26}"
EndProject
Project("{FAE04EC0-301F-11D3-BF4B-00C04F79EFBC}") = "DI06.Services", "DI06\DI06.Services\DI06.Services.csproj", "{C8E0704E-14EB-4567-B178-02811B099916}"
EndProject
Project("{FAE04EC0-301F-11D3-BF4B-00C04F79EFBC}") = "DI07", "DI07\DI07\DI07.csproj", "{C30BAF08-7B2E-46D4-AF4D-7259C29F7A9F}"
EndProject
Project("{FAE04EC0-301F-11D3-BF4B-00C04F79EFBC}") = "DI07.Services", "DI07\DI07.Services\DI07.Services.csproj", "{270CE2B8-966B-4FE5-84EF-B92AE3EABEBB}"
EndProject
Project("{FAE04EC0-301F-11D3-BF4B-00C04F79EFBC}") = "DI08", "DI08\DI08\DI08.csproj", "{3E6E50C5-CC0A-457D-A4C6-C22632858CA9}"
EndProject
Project("{FAE04EC0-301F-11D3-BF4B-00C04F79EFBC}") = "DI08.Services", "DI08\DI08.Services\DI08.Services.csproj", "{75C47DA1-0B70-4868-893A-6F015B29A576}"
EndProject
Project("{2150E333-8FDC-42A3-9474-1A3956D46DE8}") = "Sample01", "Sample01", "{193DA8B3-50D2-47A0-BC74-35B99E4CC0E3}"
EndProject
Project("{2150E333-8FDC-42A3-9474-1A3956D46DE8}") = "Sample02", "Sample02", "{2A2A7C6B-EA94-410A-8F00-D9FEEBA0460B}"
EndProject
Project("{2150E333-8FDC-42A3-9474-1A3956D46DE8}") = "Sample03", "Sample03", "{5FAC0416-08A2-4127-A804-C747DFBF65AE}"
EndProject
Project("{2150E333-8FDC-42A3-9474-1A3956D46DE8}") = "Sample04", "Sample04", "{1A90679C-DF88-43A7-A743-EAF3B5FDBD72}"
EndProject
Project("{2150E333-8FDC-42A3-9474-1A3956D46DE8}") = "Sample05", "Sample05", "{9EAC529A-F6F7-455D-A4C5-FB325A9C24E2}"
EndProject
Project("{2150E333-8FDC-42A3-9474-1A3956D46DE8}") = "Sample06", "Sample06", "{82A17E4F-ABE8-4EA8-9CBF-72D96AC785B7}"
EndProject
Project("{2150E333-8FDC-42A3-9474-1A3956D46DE8}") = "Sample07", "Sample07", "{4D7141D3-DC93-45D6-9DBC-AEEFB1282C51}"
EndProject
Project("{2150E333-8FDC-42A3-9474-1A3956D46DE8}") = "Sample08", "Sample08", "{6304D53D-31D7-40FD-874F-9BFE1E779B98}"
EndProject
Project("{2150E333-8FDC-42A3-9474-1A3956D46DE8}") = "Sample09", "Sample09", "{75B6E587-94AE-4A69-938E-6392653EA43F}"
EndProject
Project("{2150E333-8FDC-42A3-9474-1A3956D46DE8}") = ".nuget", ".nuget", "{AEDDDD78-E514-409D-BC23-E828B50FEC18}"
	ProjectSection(SolutionItems) = preProject
		.nuget\NuGet.Config = .nuget\NuGet.Config
		.nuget\NuGet.exe = .nuget\NuGet.exe
		.nuget\NuGet.targets = .nuget\NuGet.targets
	EndProjectSection
EndProject
Project("{FAE04EC0-301F-11D3-BF4B-00C04F79EFBC}") = "SameInterfaceDifferentClasses", "DI09\SameInterfaceDifferentClasses\SameInterfaceDifferentClasses.csproj", "{6A1E8B72-C013-4F46-BC82-E518A94A5E0A}"
EndProject
Project("{FAE04EC0-301F-11D3-BF4B-00C04F79EFBC}") = "SameInterfaceDifferentClasses.Services", "DI09\SameInterfaceDifferentClasses.Services\SameInterfaceDifferentClasses.Services.csproj", "{306FFB84-17DF-4997-972A-301121355A15}"
EndProject
Project("{2150E333-8FDC-42A3-9474-1A3956D46DE8}") = "Solution Items", "Solution Items", "{26953CB0-7B59-450E-8747-4F7493496DC4}"
	ProjectSection(SolutionItems) = preProject
		LICENSE.md = LICENSE.md
		README.md = README.md
	EndProjectSection
EndProject
Project("{2150E333-8FDC-42A3-9474-1A3956D46DE8}") = "Sample10", "Sample10", "{5B3BF69B-8AA8-4674-B006-98615F8E900C}"
EndProject
Project("{FAE04EC0-301F-11D3-BF4B-00C04F79EFBC}") = "DI10", "DI10\DI10.csproj", "{EBEDEF51-3822-4B81-8EF8-B4750BCA029E}"
EndProject
Global
	GlobalSection(SolutionConfigurationPlatforms) = preSolution
		Debug|Any CPU = Debug|Any CPU
		Debug|Mixed Platforms = Debug|Mixed Platforms
		Debug|x86 = Debug|x86
		Release|Any CPU = Release|Any CPU
		Release|Mixed Platforms = Release|Mixed Platforms
		Release|x86 = Release|x86
	EndGlobalSection
	GlobalSection(ProjectConfigurationPlatforms) = postSolution
		{DC867F9F-6FC4-4BAC-9AB8-5B34B21EF938}.Debug|Any CPU.ActiveCfg = Debug|x86
		{DC867F9F-6FC4-4BAC-9AB8-5B34B21EF938}.Debug|Mixed Platforms.ActiveCfg = Debug|x86
		{DC867F9F-6FC4-4BAC-9AB8-5B34B21EF938}.Debug|Mixed Platforms.Build.0 = Debug|x86
		{DC867F9F-6FC4-4BAC-9AB8-5B34B21EF938}.Debug|x86.ActiveCfg = Debug|x86
		{DC867F9F-6FC4-4BAC-9AB8-5B34B21EF938}.Debug|x86.Build.0 = Debug|x86
		{DC867F9F-6FC4-4BAC-9AB8-5B34B21EF938}.Release|Any CPU.ActiveCfg = Release|x86
		{DC867F9F-6FC4-4BAC-9AB8-5B34B21EF938}.Release|Mixed Platforms.ActiveCfg = Release|x86
		{DC867F9F-6FC4-4BAC-9AB8-5B34B21EF938}.Release|Mixed Platforms.Build.0 = Release|x86
		{DC867F9F-6FC4-4BAC-9AB8-5B34B21EF938}.Release|x86.ActiveCfg = Release|x86
		{DC867F9F-6FC4-4BAC-9AB8-5B34B21EF938}.Release|x86.Build.0 = Release|x86
		{CE6DC08D-36A2-46F2-8153-FA2557EACE60}.Debug|Any CPU.ActiveCfg = Debug|x86
		{CE6DC08D-36A2-46F2-8153-FA2557EACE60}.Debug|Mixed Platforms.ActiveCfg = Debug|x86
		{CE6DC08D-36A2-46F2-8153-FA2557EACE60}.Debug|Mixed Platforms.Build.0 = Debug|x86
		{CE6DC08D-36A2-46F2-8153-FA2557EACE60}.Debug|x86.ActiveCfg = Debug|x86
		{CE6DC08D-36A2-46F2-8153-FA2557EACE60}.Debug|x86.Build.0 = Debug|x86
		{CE6DC08D-36A2-46F2-8153-FA2557EACE60}.Release|Any CPU.ActiveCfg = Release|x86
		{CE6DC08D-36A2-46F2-8153-FA2557EACE60}.Release|Mixed Platforms.ActiveCfg = Release|x86
		{CE6DC08D-36A2-46F2-8153-FA2557EACE60}.Release|Mixed Platforms.Build.0 = Release|x86
		{CE6DC08D-36A2-46F2-8153-FA2557EACE60}.Release|x86.ActiveCfg = Release|x86
		{CE6DC08D-36A2-46F2-8153-FA2557EACE60}.Release|x86.Build.0 = Release|x86
		{502171AA-0697-4B8A-A095-8F6286E93062}.Debug|Any CPU.ActiveCfg = Debug|x86
		{502171AA-0697-4B8A-A095-8F6286E93062}.Debug|Mixed Platforms.ActiveCfg = Debug|x86
		{502171AA-0697-4B8A-A095-8F6286E93062}.Debug|Mixed Platforms.Build.0 = Debug|x86
		{502171AA-0697-4B8A-A095-8F6286E93062}.Debug|x86.ActiveCfg = Debug|x86
		{502171AA-0697-4B8A-A095-8F6286E93062}.Debug|x86.Build.0 = Debug|x86
		{502171AA-0697-4B8A-A095-8F6286E93062}.Release|Any CPU.ActiveCfg = Release|x86
		{502171AA-0697-4B8A-A095-8F6286E93062}.Release|Mixed Platforms.ActiveCfg = Release|x86
		{502171AA-0697-4B8A-A095-8F6286E93062}.Release|Mixed Platforms.Build.0 = Release|x86
		{502171AA-0697-4B8A-A095-8F6286E93062}.Release|x86.ActiveCfg = Release|x86
		{502171AA-0697-4B8A-A095-8F6286E93062}.Release|x86.Build.0 = Release|x86
		{FC707C24-00AB-4C03-9B1A-AD0D5B42001E}.Debug|Any CPU.ActiveCfg = Debug|Any CPU
		{FC707C24-00AB-4C03-9B1A-AD0D5B42001E}.Debug|Any CPU.Build.0 = Debug|Any CPU
		{FC707C24-00AB-4C03-9B1A-AD0D5B42001E}.Debug|Mixed Platforms.ActiveCfg = Debug|Any CPU
		{FC707C24-00AB-4C03-9B1A-AD0D5B42001E}.Debug|Mixed Platforms.Build.0 = Debug|Any CPU
		{FC707C24-00AB-4C03-9B1A-AD0D5B42001E}.Debug|x86.ActiveCfg = Debug|Any CPU
		{FC707C24-00AB-4C03-9B1A-AD0D5B42001E}.Release|Any CPU.ActiveCfg = Release|Any CPU
		{FC707C24-00AB-4C03-9B1A-AD0D5B42001E}.Release|Any CPU.Build.0 = Release|Any CPU
		{FC707C24-00AB-4C03-9B1A-AD0D5B42001E}.Release|Mixed Platforms.ActiveCfg = Release|Any CPU
		{FC707C24-00AB-4C03-9B1A-AD0D5B42001E}.Release|Mixed Platforms.Build.0 = Release|Any CPU
		{FC707C24-00AB-4C03-9B1A-AD0D5B42001E}.Release|x86.ActiveCfg = Release|Any CPU
		{8F3C4BB5-0BC3-43E1-948B-509DD2487B0A}.Debug|Any CPU.ActiveCfg = Debug|x86
		{8F3C4BB5-0BC3-43E1-948B-509DD2487B0A}.Debug|Mixed Platforms.ActiveCfg = Debug|x86
		{8F3C4BB5-0BC3-43E1-948B-509DD2487B0A}.Debug|Mixed Platforms.Build.0 = Debug|x86
		{8F3C4BB5-0BC3-43E1-948B-509DD2487B0A}.Debug|x86.ActiveCfg = Debug|x86
		{8F3C4BB5-0BC3-43E1-948B-509DD2487B0A}.Debug|x86.Build.0 = Debug|x86
		{8F3C4BB5-0BC3-43E1-948B-509DD2487B0A}.Release|Any CPU.ActiveCfg = Release|x86
		{8F3C4BB5-0BC3-43E1-948B-509DD2487B0A}.Release|Mixed Platforms.ActiveCfg = Release|x86
		{8F3C4BB5-0BC3-43E1-948B-509DD2487B0A}.Release|Mixed Platforms.Build.0 = Release|x86
		{8F3C4BB5-0BC3-43E1-948B-509DD2487B0A}.Release|x86.ActiveCfg = Release|x86
		{8F3C4BB5-0BC3-43E1-948B-509DD2487B0A}.Release|x86.Build.0 = Release|x86
		{61C7C5AB-D3B9-4E0E-A361-444C36FF4CA3}.Debug|Any CPU.ActiveCfg = Debug|Any CPU
		{61C7C5AB-D3B9-4E0E-A361-444C36FF4CA3}.Debug|Any CPU.Build.0 = Debug|Any CPU
		{61C7C5AB-D3B9-4E0E-A361-444C36FF4CA3}.Debug|Mixed Platforms.ActiveCfg = Debug|Any CPU
		{61C7C5AB-D3B9-4E0E-A361-444C36FF4CA3}.Debug|Mixed Platforms.Build.0 = Debug|Any CPU
		{61C7C5AB-D3B9-4E0E-A361-444C36FF4CA3}.Debug|x86.ActiveCfg = Debug|Any CPU
		{61C7C5AB-D3B9-4E0E-A361-444C36FF4CA3}.Release|Any CPU.ActiveCfg = Release|Any CPU
		{61C7C5AB-D3B9-4E0E-A361-444C36FF4CA3}.Release|Any CPU.Build.0 = Release|Any CPU
		{61C7C5AB-D3B9-4E0E-A361-444C36FF4CA3}.Release|Mixed Platforms.ActiveCfg = Release|Any CPU
		{61C7C5AB-D3B9-4E0E-A361-444C36FF4CA3}.Release|Mixed Platforms.Build.0 = Release|Any CPU
		{61C7C5AB-D3B9-4E0E-A361-444C36FF4CA3}.Release|x86.ActiveCfg = Release|Any CPU
		{C8F4498E-69A9-4CA6-9404-E5C75F1DD622}.Debug|Any CPU.ActiveCfg = Debug|Any CPU
		{C8F4498E-69A9-4CA6-9404-E5C75F1DD622}.Debug|Any CPU.Build.0 = Debug|Any CPU
		{C8F4498E-69A9-4CA6-9404-E5C75F1DD622}.Debug|Mixed Platforms.ActiveCfg = Debug|Any CPU
		{C8F4498E-69A9-4CA6-9404-E5C75F1DD622}.Debug|Mixed Platforms.Build.0 = Debug|Any CPU
		{C8F4498E-69A9-4CA6-9404-E5C75F1DD622}.Debug|x86.ActiveCfg = Debug|Any CPU
		{C8F4498E-69A9-4CA6-9404-E5C75F1DD622}.Release|Any CPU.ActiveCfg = Release|Any CPU
		{C8F4498E-69A9-4CA6-9404-E5C75F1DD622}.Release|Any CPU.Build.0 = Release|Any CPU
		{C8F4498E-69A9-4CA6-9404-E5C75F1DD622}.Release|Mixed Platforms.ActiveCfg = Release|Any CPU
		{C8F4498E-69A9-4CA6-9404-E5C75F1DD622}.Release|Mixed Platforms.Build.0 = Release|Any CPU
		{C8F4498E-69A9-4CA6-9404-E5C75F1DD622}.Release|x86.ActiveCfg = Release|Any CPU
		{538A3C07-C066-44AE-B294-D78F8E6D7594}.Debug|Any CPU.ActiveCfg = Debug|Any CPU
		{538A3C07-C066-44AE-B294-D78F8E6D7594}.Debug|Any CPU.Build.0 = Debug|Any CPU
		{538A3C07-C066-44AE-B294-D78F8E6D7594}.Debug|Mixed Platforms.ActiveCfg = Debug|Any CPU
		{538A3C07-C066-44AE-B294-D78F8E6D7594}.Debug|Mixed Platforms.Build.0 = Debug|Any CPU
		{538A3C07-C066-44AE-B294-D78F8E6D7594}.Debug|x86.ActiveCfg = Debug|Any CPU
		{538A3C07-C066-44AE-B294-D78F8E6D7594}.Release|Any CPU.ActiveCfg = Release|Any CPU
		{538A3C07-C066-44AE-B294-D78F8E6D7594}.Release|Any CPU.Build.0 = Release|Any CPU
		{538A3C07-C066-44AE-B294-D78F8E6D7594}.Release|Mixed Platforms.ActiveCfg = Release|Any CPU
		{538A3C07-C066-44AE-B294-D78F8E6D7594}.Release|Mixed Platforms.Build.0 = Release|Any CPU
		{538A3C07-C066-44AE-B294-D78F8E6D7594}.Release|x86.ActiveCfg = Release|Any CPU
		{3FF1CEBF-E061-4ADC-B7D7-6701821AAC26}.Debug|Any CPU.ActiveCfg = Debug|Any CPU
		{3FF1CEBF-E061-4ADC-B7D7-6701821AAC26}.Debug|Any CPU.Build.0 = Debug|Any CPU
		{3FF1CEBF-E061-4ADC-B7D7-6701821AAC26}.Debug|Mixed Platforms.ActiveCfg = Debug|Any CPU
		{3FF1CEBF-E061-4ADC-B7D7-6701821AAC26}.Debug|Mixed Platforms.Build.0 = Debug|Any CPU
		{3FF1CEBF-E061-4ADC-B7D7-6701821AAC26}.Debug|x86.ActiveCfg = Debug|Any CPU
		{3FF1CEBF-E061-4ADC-B7D7-6701821AAC26}.Release|Any CPU.ActiveCfg = Release|Any CPU
		{3FF1CEBF-E061-4ADC-B7D7-6701821AAC26}.Release|Any CPU.Build.0 = Release|Any CPU
		{3FF1CEBF-E061-4ADC-B7D7-6701821AAC26}.Release|Mixed Platforms.ActiveCfg = Release|Any CPU
		{3FF1CEBF-E061-4ADC-B7D7-6701821AAC26}.Release|Mixed Platforms.Build.0 = Release|Any CPU
		{3FF1CEBF-E061-4ADC-B7D7-6701821AAC26}.Release|x86.ActiveCfg = Release|Any CPU
		{C8E0704E-14EB-4567-B178-02811B099916}.Debug|Any CPU.ActiveCfg = Debug|Any CPU
		{C8E0704E-14EB-4567-B178-02811B099916}.Debug|Any CPU.Build.0 = Debug|Any CPU
		{C8E0704E-14EB-4567-B178-02811B099916}.Debug|Mixed Platforms.ActiveCfg = Debug|Any CPU
		{C8E0704E-14EB-4567-B178-02811B099916}.Debug|Mixed Platforms.Build.0 = Debug|Any CPU
		{C8E0704E-14EB-4567-B178-02811B099916}.Debug|x86.ActiveCfg = Debug|Any CPU
		{C8E0704E-14EB-4567-B178-02811B099916}.Release|Any CPU.ActiveCfg = Release|Any CPU
		{C8E0704E-14EB-4567-B178-02811B099916}.Release|Any CPU.Build.0 = Release|Any CPU
		{C8E0704E-14EB-4567-B178-02811B099916}.Release|Mixed Platforms.ActiveCfg = Release|Any CPU
		{C8E0704E-14EB-4567-B178-02811B099916}.Release|Mixed Platforms.Build.0 = Release|Any CPU
		{C8E0704E-14EB-4567-B178-02811B099916}.Release|x86.ActiveCfg = Release|Any CPU
		{C30BAF08-7B2E-46D4-AF4D-7259C29F7A9F}.Debug|Any CPU.ActiveCfg = Debug|x86
		{C30BAF08-7B2E-46D4-AF4D-7259C29F7A9F}.Debug|Mixed Platforms.ActiveCfg = Debug|x86
		{C30BAF08-7B2E-46D4-AF4D-7259C29F7A9F}.Debug|Mixed Platforms.Build.0 = Debug|x86
		{C30BAF08-7B2E-46D4-AF4D-7259C29F7A9F}.Debug|x86.ActiveCfg = Debug|x86
		{C30BAF08-7B2E-46D4-AF4D-7259C29F7A9F}.Debug|x86.Build.0 = Debug|x86
		{C30BAF08-7B2E-46D4-AF4D-7259C29F7A9F}.Release|Any CPU.ActiveCfg = Release|x86
		{C30BAF08-7B2E-46D4-AF4D-7259C29F7A9F}.Release|Mixed Platforms.ActiveCfg = Release|x86
		{C30BAF08-7B2E-46D4-AF4D-7259C29F7A9F}.Release|Mixed Platforms.Build.0 = Release|x86
		{C30BAF08-7B2E-46D4-AF4D-7259C29F7A9F}.Release|x86.ActiveCfg = Release|x86
		{C30BAF08-7B2E-46D4-AF4D-7259C29F7A9F}.Release|x86.Build.0 = Release|x86
		{270CE2B8-966B-4FE5-84EF-B92AE3EABEBB}.Debug|Any CPU.ActiveCfg = Debug|Any CPU
		{270CE2B8-966B-4FE5-84EF-B92AE3EABEBB}.Debug|Any CPU.Build.0 = Debug|Any CPU
		{270CE2B8-966B-4FE5-84EF-B92AE3EABEBB}.Debug|Mixed Platforms.ActiveCfg = Debug|Any CPU
		{270CE2B8-966B-4FE5-84EF-B92AE3EABEBB}.Debug|Mixed Platforms.Build.0 = Debug|Any CPU
		{270CE2B8-966B-4FE5-84EF-B92AE3EABEBB}.Debug|x86.ActiveCfg = Debug|Any CPU
		{270CE2B8-966B-4FE5-84EF-B92AE3EABEBB}.Release|Any CPU.ActiveCfg = Release|Any CPU
		{270CE2B8-966B-4FE5-84EF-B92AE3EABEBB}.Release|Any CPU.Build.0 = Release|Any CPU
		{270CE2B8-966B-4FE5-84EF-B92AE3EABEBB}.Release|Mixed Platforms.ActiveCfg = Release|Any CPU
		{270CE2B8-966B-4FE5-84EF-B92AE3EABEBB}.Release|Mixed Platforms.Build.0 = Release|Any CPU
		{270CE2B8-966B-4FE5-84EF-B92AE3EABEBB}.Release|x86.ActiveCfg = Release|Any CPU
		{3E6E50C5-CC0A-457D-A4C6-C22632858CA9}.Debug|Any CPU.ActiveCfg = Debug|Any CPU
		{3E6E50C5-CC0A-457D-A4C6-C22632858CA9}.Debug|Any CPU.Build.0 = Debug|Any CPU
		{3E6E50C5-CC0A-457D-A4C6-C22632858CA9}.Debug|Mixed Platforms.ActiveCfg = Debug|Any CPU
		{3E6E50C5-CC0A-457D-A4C6-C22632858CA9}.Debug|Mixed Platforms.Build.0 = Debug|Any CPU
		{3E6E50C5-CC0A-457D-A4C6-C22632858CA9}.Debug|x86.ActiveCfg = Debug|Any CPU
		{3E6E50C5-CC0A-457D-A4C6-C22632858CA9}.Release|Any CPU.ActiveCfg = Release|Any CPU
		{3E6E50C5-CC0A-457D-A4C6-C22632858CA9}.Release|Any CPU.Build.0 = Release|Any CPU
		{3E6E50C5-CC0A-457D-A4C6-C22632858CA9}.Release|Mixed Platforms.ActiveCfg = Release|Any CPU
		{3E6E50C5-CC0A-457D-A4C6-C22632858CA9}.Release|Mixed Platforms.Build.0 = Release|Any CPU
		{3E6E50C5-CC0A-457D-A4C6-C22632858CA9}.Release|x86.ActiveCfg = Release|Any CPU
		{75C47DA1-0B70-4868-893A-6F015B29A576}.Debug|Any CPU.ActiveCfg = Debug|Any CPU
		{75C47DA1-0B70-4868-893A-6F015B29A576}.Debug|Any CPU.Build.0 = Debug|Any CPU
		{75C47DA1-0B70-4868-893A-6F015B29A576}.Debug|Mixed Platforms.ActiveCfg = Debug|Any CPU
		{75C47DA1-0B70-4868-893A-6F015B29A576}.Debug|Mixed Platforms.Build.0 = Debug|Any CPU
		{75C47DA1-0B70-4868-893A-6F015B29A576}.Debug|x86.ActiveCfg = Debug|Any CPU
		{75C47DA1-0B70-4868-893A-6F015B29A576}.Release|Any CPU.ActiveCfg = Release|Any CPU
		{75C47DA1-0B70-4868-893A-6F015B29A576}.Release|Any CPU.Build.0 = Release|Any CPU
		{75C47DA1-0B70-4868-893A-6F015B29A576}.Release|Mixed Platforms.ActiveCfg = Release|Any CPU
		{75C47DA1-0B70-4868-893A-6F015B29A576}.Release|Mixed Platforms.Build.0 = Release|Any CPU
		{75C47DA1-0B70-4868-893A-6F015B29A576}.Release|x86.ActiveCfg = Release|Any CPU
		{6A1E8B72-C013-4F46-BC82-E518A94A5E0A}.Debug|Any CPU.ActiveCfg = Debug|Any CPU
		{6A1E8B72-C013-4F46-BC82-E518A94A5E0A}.Debug|Any CPU.Build.0 = Debug|Any CPU
		{6A1E8B72-C013-4F46-BC82-E518A94A5E0A}.Debug|Mixed Platforms.ActiveCfg = Debug|Any CPU
		{6A1E8B72-C013-4F46-BC82-E518A94A5E0A}.Debug|Mixed Platforms.Build.0 = Debug|Any CPU
		{6A1E8B72-C013-4F46-BC82-E518A94A5E0A}.Debug|x86.ActiveCfg = Debug|Any CPU
		{6A1E8B72-C013-4F46-BC82-E518A94A5E0A}.Release|Any CPU.ActiveCfg = Release|Any CPU
		{6A1E8B72-C013-4F46-BC82-E518A94A5E0A}.Release|Any CPU.Build.0 = Release|Any CPU
		{6A1E8B72-C013-4F46-BC82-E518A94A5E0A}.Release|Mixed Platforms.ActiveCfg = Release|Any CPU
		{6A1E8B72-C013-4F46-BC82-E518A94A5E0A}.Release|Mixed Platforms.Build.0 = Release|Any CPU
		{6A1E8B72-C013-4F46-BC82-E518A94A5E0A}.Release|x86.ActiveCfg = Release|Any CPU
		{306FFB84-17DF-4997-972A-301121355A15}.Debug|Any CPU.ActiveCfg = Debug|Any CPU
		{306FFB84-17DF-4997-972A-301121355A15}.Debug|Any CPU.Build.0 = Debug|Any CPU
		{306FFB84-17DF-4997-972A-301121355A15}.Debug|Mixed Platforms.ActiveCfg = Debug|Any CPU
		{306FFB84-17DF-4997-972A-301121355A15}.Debug|Mixed Platforms.Build.0 = Debug|Any CPU
		{306FFB84-17DF-4997-972A-301121355A15}.Debug|x86.ActiveCfg = Debug|Any CPU
		{306FFB84-17DF-4997-972A-301121355A15}.Release|Any CPU.ActiveCfg = Release|Any CPU
		{306FFB84-17DF-4997-972A-301121355A15}.Release|Any CPU.Build.0 = Release|Any CPU
		{306FFB84-17DF-4997-972A-301121355A15}.Release|Mixed Platforms.ActiveCfg = Release|Any CPU
		{306FFB84-17DF-4997-972A-301121355A15}.Release|Mixed Platforms.Build.0 = Release|Any CPU
		{306FFB84-17DF-4997-972A-301121355A15}.Release|x86.ActiveCfg = Release|Any CPU
		{EBEDEF51-3822-4B81-8EF8-B4750BCA029E}.Debug|Any CPU.ActiveCfg = Debug|Any CPU
		{EBEDEF51-3822-4B81-8EF8-B4750BCA029E}.Debug|Any CPU.Build.0 = Debug|Any CPU
		{EBEDEF51-3822-4B81-8EF8-B4750BCA029E}.Debug|Mixed Platforms.ActiveCfg = Debug|Any CPU
		{EBEDEF51-3822-4B81-8EF8-B4750BCA029E}.Debug|Mixed Platforms.Build.0 = Debug|Any CPU
		{EBEDEF51-3822-4B81-8EF8-B4750BCA029E}.Debug|x86.ActiveCfg = Debug|Any CPU
		{EBEDEF51-3822-4B81-8EF8-B4750BCA029E}.Release|Any CPU.ActiveCfg = Release|Any CPU
		{EBEDEF51-3822-4B81-8EF8-B4750BCA029E}.Release|Any CPU.Build.0 = Release|Any CPU
		{EBEDEF51-3822-4B81-8EF8-B4750BCA029E}.Release|Mixed Platforms.ActiveCfg = Release|Any CPU
		{EBEDEF51-3822-4B81-8EF8-B4750BCA029E}.Release|Mixed Platforms.Build.0 = Release|Any CPU
		{EBEDEF51-3822-4B81-8EF8-B4750BCA029E}.Release|x86.ActiveCfg = Release|Any CPU
	EndGlobalSection
	GlobalSection(SolutionProperties) = preSolution
		HideSolutionNode = FALSE
	EndGlobalSection
	GlobalSection(NestedProjects) = preSolution
		{DC867F9F-6FC4-4BAC-9AB8-5B34B21EF938} = {193DA8B3-50D2-47A0-BC74-35B99E4CC0E3}
		{CE6DC08D-36A2-46F2-8153-FA2557EACE60} = {2A2A7C6B-EA94-410A-8F00-D9FEEBA0460B}
		{502171AA-0697-4B8A-A095-8F6286E93062} = {5FAC0416-08A2-4127-A804-C747DFBF65AE}
		{FC707C24-00AB-4C03-9B1A-AD0D5B42001E} = {5FAC0416-08A2-4127-A804-C747DFBF65AE}
		{8F3C4BB5-0BC3-43E1-948B-509DD2487B0A} = {1A90679C-DF88-43A7-A743-EAF3B5FDBD72}
		{61C7C5AB-D3B9-4E0E-A361-444C36FF4CA3} = {1A90679C-DF88-43A7-A743-EAF3B5FDBD72}
		{C8F4498E-69A9-4CA6-9404-E5C75F1DD622} = {9EAC529A-F6F7-455D-A4C5-FB325A9C24E2}
		{538A3C07-C066-44AE-B294-D78F8E6D7594} = {9EAC529A-F6F7-455D-A4C5-FB325A9C24E2}
		{3FF1CEBF-E061-4ADC-B7D7-6701821AAC26} = {82A17E4F-ABE8-4EA8-9CBF-72D96AC785B7}
		{C8E0704E-14EB-4567-B178-02811B099916} = {82A17E4F-ABE8-4EA8-9CBF-72D96AC785B7}
		{C30BAF08-7B2E-46D4-AF4D-7259C29F7A9F} = {4D7141D3-DC93-45D6-9DBC-AEEFB1282C51}
		{270CE2B8-966B-4FE5-84EF-B92AE3EABEBB} = {4D7141D3-DC93-45D6-9DBC-AEEFB1282C51}
		{3E6E50C5-CC0A-457D-A4C6-C22632858CA9} = {6304D53D-31D7-40FD-874F-9BFE1E779B98}
		{75C47DA1-0B70-4868-893A-6F015B29A576} = {6304D53D-31D7-40FD-874F-9BFE1E779B98}
		{6A1E8B72-C013-4F46-BC82-E518A94A5E0A} = {75B6E587-94AE-4A69-938E-6392653EA43F}
		{306FFB84-17DF-4997-972A-301121355A15} = {75B6E587-94AE-4A69-938E-6392653EA43F}
		{EBEDEF51-3822-4B81-8EF8-B4750BCA029E} = {5B3BF69B-8AA8-4674-B006-98615F8E900C}
	EndGlobalSection
	GlobalSection(ExtensibilityGlobals) = postSolution
		EnterpriseLibraryConfigurationToolBinariesPath = packages\Unity.2.1.505.2\lib\NET35
	EndGlobalSection
EndGlobal
